
Microsoft Visual Studio Solution File, Format Version 12.00
# Visual Studio Version 17
VisualStudioVersion = 17.1.32328.378
MinimumVisualStudioVersion = 10.0.40219.1
Project("{FAE04EC0-301F-11D3-BF4B-00C04F79EFBC}") = "LegoStore", "LegoStore.csproj", "{B42B3C01-60F2-4215-A99E-957C3F1621BC}"
EndProject
Global
	GlobalSection(SolutionConfigurationPlatforms) = preSolution
		Debug|Any CPU = Debug|Any CPU
		Release|Any CPU = Release|Any CPU
	EndGlobalSection
	GlobalSection(ProjectConfigurationPlatforms) = postSolution
		{B42B3C01-60F2-4215-A99E-957C3F1621BC}.Debug|Any CPU.ActiveCfg = Debug|Any CPU
		{B42B3C01-60F2-4215-A99E-957C3F1621BC}.Debug|Any CPU.Build.0 = Debug|Any CPU
		{B42B3C01-60F2-4215-A99E-957C3F1621BC}.Release|Any CPU.ActiveCfg = Release|Any CPU
		{B42B3C01-60F2-4215-A99E-957C3F1621BC}.Release|Any CPU.Build.0 = Release|Any CPU
	EndGlobalSection
	GlobalSection(SolutionProperties) = preSolution
		HideSolutionNode = FALSE
	EndGlobalSection
	GlobalSection(ExtensibilityGlobals) = postSolution
		SolutionGuid = {D2EF06B9-824D-4050-807C-2C19EB548553}
	EndGlobalSection
EndGlobal
